// !$*UTF8*$!
{
	archiveVersion = 1;
	classes = {
	};
	objectVersion = 55;
	objects = {

/* Begin PBXBuildFile section */
		82998939279FCBEE00D78106 /* AppDelegate.swift in Sources */ = {isa = PBXBuildFile; fileRef = 82998938279FCBEE00D78106 /* AppDelegate.swift */; };
		8299893B279FCBEE00D78106 /* SceneDelegate.swift in Sources */ = {isa = PBXBuildFile; fileRef = 8299893A279FCBEE00D78106 /* SceneDelegate.swift */; };
		8299893D279FCBEE00D78106 /* ViewController.swift in Sources */ = {isa = PBXBuildFile; fileRef = 8299893C279FCBEE00D78106 /* ViewController.swift */; };
		82998942279FCBF700D78106 /* Assets.xcassets in Resources */ = {isa = PBXBuildFile; fileRef = 82998941279FCBF700D78106 /* Assets.xcassets */; };
		82998950279FCBF800D78106 /* MVVMGenericDemoTests.swift in Sources */ = {isa = PBXBuildFile; fileRef = 8299894F279FCBF800D78106 /* MVVMGenericDemoTests.swift */; };
		8299896E279FD1F500D78106 /* UserViewModel.swift in Sources */ = {isa = PBXBuildFile; fileRef = 82998968279FD1F400D78106 /* UserViewModel.swift */; };
		8299896F279FD1F500D78106 /* UserViewModel.swift in Sources */ = {isa = PBXBuildFile; fileRef = 82998968279FD1F400D78106 /* UserViewModel.swift */; };
		82998971279FD1F500D78106 /* Assets.xcassets in Resources */ = {isa = PBXBuildFile; fileRef = 82998969279FD1F400D78106 /* Assets.xcassets */; };
		8299897F279FD23A00D78106 /* NetworkTests.swift in Sources */ = {isa = PBXBuildFile; fileRef = 8299897D279FD23900D78106 /* NetworkTests.swift */; };
		82998991279FD3B200D78106 /* Users.json in Resources */ = {isa = PBXBuildFile; fileRef = 82998987279FD3B200D78106 /* Users.json */; };
		82998992279FD3B200D78106 /* Users.json in Resources */ = {isa = PBXBuildFile; fileRef = 82998987279FD3B200D78106 /* Users.json */; };
		82998993279FD3B200D78106 /* ErrorUsers.json in Resources */ = {isa = PBXBuildFile; fileRef = 82998988279FD3B200D78106 /* ErrorUsers.json */; };
		82998994279FD3B200D78106 /* ErrorUsers.json in Resources */ = {isa = PBXBuildFile; fileRef = 82998988279FD3B200D78106 /* ErrorUsers.json */; };
		82998995279FD3B200D78106 /* Posts.json in Resources */ = {isa = PBXBuildFile; fileRef = 82998989279FD3B200D78106 /* Posts.json */; };
		82998996279FD3B200D78106 /* Posts.json in Resources */ = {isa = PBXBuildFile; fileRef = 82998989279FD3B200D78106 /* Posts.json */; };
		82998997279FD3B200D78106 /* Constants.swift in Sources */ = {isa = PBXBuildFile; fileRef = 8299898B279FD3B200D78106 /* Constants.swift */; };
		82998998279FD3B200D78106 /* Constants.swift in Sources */ = {isa = PBXBuildFile; fileRef = 8299898B279FD3B200D78106 /* Constants.swift */; };
		82998999279FD3B300D78106 /* NetworkManager.swift in Sources */ = {isa = PBXBuildFile; fileRef = 8299898C279FD3B200D78106 /* NetworkManager.swift */; };
		8299899A279FD3B300D78106 /* NetworkManager.swift in Sources */ = {isa = PBXBuildFile; fileRef = 8299898C279FD3B200D78106 /* NetworkManager.swift */; };
		8299899B279FD3B300D78106 /* LocalManager.swift in Sources */ = {isa = PBXBuildFile; fileRef = 8299898D279FD3B200D78106 /* LocalManager.swift */; };
		8299899C279FD3B300D78106 /* LocalManager.swift in Sources */ = {isa = PBXBuildFile; fileRef = 8299898D279FD3B200D78106 /* LocalManager.swift */; };
		8299899D279FD3B300D78106 /* User.swift in Sources */ = {isa = PBXBuildFile; fileRef = 8299898F279FD3B200D78106 /* User.swift */; };
		8299899E279FD3B300D78106 /* User.swift in Sources */ = {isa = PBXBuildFile; fileRef = 8299898F279FD3B200D78106 /* User.swift */; };
		8299899F279FD3B300D78106 /* Posts.swift in Sources */ = {isa = PBXBuildFile; fileRef = 82998990279FD3B200D78106 /* Posts.swift */; };
		829989A0279FD3B300D78106 /* Posts.swift in Sources */ = {isa = PBXBuildFile; fileRef = 82998990279FD3B200D78106 /* Posts.swift */; };
		829989A6279FD6E000D78106 /* LaunchScreen.storyboard in Resources */ = {isa = PBXBuildFile; fileRef = 829989A2279FD6E000D78106 /* LaunchScreen.storyboard */; };
		829989A8279FD6E000D78106 /* Main.storyboard in Resources */ = {isa = PBXBuildFile; fileRef = 829989A4279FD6E000D78106 /* Main.storyboard */; };
		829989AA279FD87A00D78106 /* Main.storyboard in Resources */ = {isa = PBXBuildFile; fileRef = 8299893E279FCBEE00D78106 /* Main.storyboard */; };
		829989AC279FD87F00D78106 /* LaunchScreen.storyboard in Resources */ = {isa = PBXBuildFile; fileRef = 82998943279FCBF700D78106 /* LaunchScreen.storyboard */; };
/* End PBXBuildFile section */

/* Begin PBXContainerItemProxy section */
		8299894C279FCBF800D78106 /* PBXContainerItemProxy */ = {
			isa = PBXContainerItemProxy;
			containerPortal = 8299892D279FCBED00D78106 /* Project object */;
			proxyType = 1;
			remoteGlobalIDString = 82998934279FCBEE00D78106;
			remoteInfo = MVVMGenericDemo;
		};
/* End PBXContainerItemProxy section */

/* Begin PBXFileReference section */
		82998935279FCBEE00D78106 /* MVVMGenericDemo.app */ = {isa = PBXFileReference; explicitFileType = wrapper.application; includeInIndex = 0; path = MVVMGenericDemo.app; sourceTree = BUILT_PRODUCTS_DIR; };
		82998938279FCBEE00D78106 /* AppDelegate.swift */ = {isa = PBXFileReference; lastKnownFileType = sourcecode.swift; path = AppDelegate.swift; sourceTree = "<group>"; };
		8299893A279FCBEE00D78106 /* SceneDelegate.swift */ = {isa = PBXFileReference; lastKnownFileType = sourcecode.swift; path = SceneDelegate.swift; sourceTree = "<group>"; };
		8299893C279FCBEE00D78106 /* ViewController.swift */ = {isa = PBXFileReference; lastKnownFileType = sourcecode.swift; path = ViewController.swift; sourceTree = "<group>"; };
		8299893F279FCBEE00D78106 /* Base */ = {isa = PBXFileReference; lastKnownFileType = file.storyboard; name = Base; path = Base.lproj/Main.storyboard; sourceTree = "<group>"; };
		82998941279FCBF700D78106 /* Assets.xcassets */ = {isa = PBXFileReference; lastKnownFileType = folder.assetcatalog; path = Assets.xcassets; sourceTree = "<group>"; };
		82998944279FCBF700D78106 /* Base */ = {isa = PBXFileReference; lastKnownFileType = file.storyboard; name = Base; path = Base.lproj/LaunchScreen.storyboard; sourceTree = "<group>"; };
		82998946279FCBF700D78106 /* Info.plist */ = {isa = PBXFileReference; lastKnownFileType = text.plist.xml; path = Info.plist; sourceTree = "<group>"; };
		8299894B279FCBF800D78106 /* MVVMGenericDemoTests.xctest */ = {isa = PBXFileReference; explicitFileType = wrapper.cfbundle; includeInIndex = 0; path = MVVMGenericDemoTests.xctest; sourceTree = BUILT_PRODUCTS_DIR; };
		8299894F279FCBF800D78106 /* MVVMGenericDemoTests.swift */ = {isa = PBXFileReference; lastKnownFileType = sourcecode.swift; path = MVVMGenericDemoTests.swift; sourceTree = "<group>"; };
		82998968279FD1F400D78106 /* UserViewModel.swift */ = {isa = PBXFileReference; fileEncoding = 4; lastKnownFileType = sourcecode.swift; path = UserViewModel.swift; sourceTree = "<group>"; };
		82998969279FD1F400D78106 /* Assets.xcassets */ = {isa = PBXFileReference; lastKnownFileType = folder.assetcatalog; path = Assets.xcassets; sourceTree = "<group>"; };
		8299897D279FD23900D78106 /* NetworkTests.swift */ = {isa = PBXFileReference; fileEncoding = 4; lastKnownFileType = sourcecode.swift; path = NetworkTests.swift; sourceTree = "<group>"; };
		82998987279FD3B200D78106 /* Users.json */ = {isa = PBXFileReference; fileEncoding = 4; lastKnownFileType = text.json; path = Users.json; sourceTree = "<group>"; };
		82998988279FD3B200D78106 /* ErrorUsers.json */ = {isa = PBXFileReference; fileEncoding = 4; lastKnownFileType = text.json; path = ErrorUsers.json; sourceTree = "<group>"; };
		82998989279FD3B200D78106 /* Posts.json */ = {isa = PBXFileReference; fileEncoding = 4; lastKnownFileType = text.json; path = Posts.json; sourceTree = "<group>"; };
		8299898B279FD3B200D78106 /* Constants.swift */ = {isa = PBXFileReference; fileEncoding = 4; lastKnownFileType = sourcecode.swift; path = Constants.swift; sourceTree = "<group>"; };
		8299898C279FD3B200D78106 /* NetworkManager.swift */ = {isa = PBXFileReference; fileEncoding = 4; lastKnownFileType = sourcecode.swift; path = NetworkManager.swift; sourceTree = "<group>"; };
		8299898D279FD3B200D78106 /* LocalManager.swift */ = {isa = PBXFileReference; fileEncoding = 4; lastKnownFileType = sourcecode.swift; path = LocalManager.swift; sourceTree = "<group>"; };
		8299898F279FD3B200D78106 /* User.swift */ = {isa = PBXFileReference; fileEncoding = 4; lastKnownFileType = sourcecode.swift; path = User.swift; sourceTree = "<group>"; };
		82998990279FD3B200D78106 /* Posts.swift */ = {isa = PBXFileReference; fileEncoding = 4; lastKnownFileType = sourcecode.swift; path = Posts.swift; sourceTree = "<group>"; };
		829989A3279FD6E000D78106 /* Base */ = {isa = PBXFileReference; lastKnownFileType = file.storyboard; name = Base; path = LaunchScreen.storyboard; sourceTree = "<group>"; };
		829989A5279FD6E000D78106 /* Base */ = {isa = PBXFileReference; lastKnownFileType = file.storyboard; name = Base; path = Main.storyboard; sourceTree = "<group>"; };
/* End PBXFileReference section */

/* Begin PBXFrameworksBuildPhase section */
		82998932279FCBEE00D78106 /* Frameworks */ = {
			isa = PBXFrameworksBuildPhase;
			buildActionMask = 2147483647;
			files = (
			);
			runOnlyForDeploymentPostprocessing = 0;
		};
		82998948279FCBF800D78106 /* Frameworks */ = {
			isa = PBXFrameworksBuildPhase;
			buildActionMask = 2147483647;
			files = (
			);
			runOnlyForDeploymentPostprocessing = 0;
		};
/* End PBXFrameworksBuildPhase section */

/* Begin PBXGroup section */
		8299892C279FCBED00D78106 = {
			isa = PBXGroup;
			children = (
				82998937279FCBEE00D78106 /* MVVMGenericDemo */,
				8299894E279FCBF800D78106 /* MVVMGenericDemoTests */,
				82998936279FCBEE00D78106 /* Products */,
			);
			sourceTree = "<group>";
		};
		82998936279FCBEE00D78106 /* Products */ = {
			isa = PBXGroup;
			children = (
				82998935279FCBEE00D78106 /* MVVMGenericDemo.app */,
				8299894B279FCBF800D78106 /* MVVMGenericDemoTests.xctest */,
			);
			name = Products;
			sourceTree = "<group>";
		};
		82998937279FCBEE00D78106 /* MVVMGenericDemo */ = {
			isa = PBXGroup;
			children = (
				829989A1279FD6E000D78106 /* Base.lproj */,
				82998986279FD3B200D78106 /* LocalJson */,
				8299898E279FD3B200D78106 /* Model */,
				8299898A279FD3B200D78106 /* Utils */,
				82998969279FD1F400D78106 /* Assets.xcassets */,
				82998968279FD1F400D78106 /* UserViewModel.swift */,
				82998938279FCBEE00D78106 /* AppDelegate.swift */,
				8299893A279FCBEE00D78106 /* SceneDelegate.swift */,
				8299893C279FCBEE00D78106 /* ViewController.swift */,
				8299893E279FCBEE00D78106 /* Main.storyboard */,
				82998941279FCBF700D78106 /* Assets.xcassets */,
				82998943279FCBF700D78106 /* LaunchScreen.storyboard */,
				82998946279FCBF700D78106 /* Info.plist */,
			);
			path = MVVMGenericDemo;
			sourceTree = "<group>";
		};
		8299894E279FCBF800D78106 /* MVVMGenericDemoTests */ = {
			isa = PBXGroup;
			children = (
				8299897D279FD23900D78106 /* NetworkTests.swift */,
				8299894F279FCBF800D78106 /* MVVMGenericDemoTests.swift */,
			);
			path = MVVMGenericDemoTests;
			sourceTree = "<group>";
		};
		82998986279FD3B200D78106 /* LocalJson */ = {
			isa = PBXGroup;
			children = (
				82998987279FD3B200D78106 /* Users.json */,
				82998988279FD3B200D78106 /* ErrorUsers.json */,
				82998989279FD3B200D78106 /* Posts.json */,
			);
			path = LocalJson;
			sourceTree = "<group>";
		};
		8299898A279FD3B200D78106 /* Utils */ = {
			isa = PBXGroup;
			children = (
				8299898B279FD3B200D78106 /* Constants.swift */,
				8299898C279FD3B200D78106 /* NetworkManager.swift */,
				8299898D279FD3B200D78106 /* LocalManager.swift */,
			);
			path = Utils;
			sourceTree = "<group>";
		};
		8299898E279FD3B200D78106 /* Model */ = {
			isa = PBXGroup;
			children = (
				8299898F279FD3B200D78106 /* User.swift */,
				82998990279FD3B200D78106 /* Posts.swift */,
			);
			path = Model;
			sourceTree = "<group>";
		};
		829989A1279FD6E000D78106 /* Base.lproj */ = {
			isa = PBXGroup;
			children = (
				829989A2279FD6E000D78106 /* LaunchScreen.storyboard */,
				829989A4279FD6E000D78106 /* Main.storyboard */,
			);
			path = Base.lproj;
			sourceTree = "<group>";
		};
/* End PBXGroup section */

/* Begin PBXNativeTarget section */
		82998934279FCBEE00D78106 /* MVVMGenericDemo */ = {
			isa = PBXNativeTarget;
			buildConfigurationList = 8299895F279FCBF800D78106 /* Build configuration list for PBXNativeTarget "MVVMGenericDemo" */;
			buildPhases = (
				82998931279FCBEE00D78106 /* Sources */,
				82998932279FCBEE00D78106 /* Frameworks */,
				82998933279FCBEE00D78106 /* Resources */,
			);
			buildRules = (
			);
			dependencies = (
			);
			name = MVVMGenericDemo;
			productName = MVVMGenericDemo;
			productReference = 82998935279FCBEE00D78106 /* MVVMGenericDemo.app */;
			productType = "com.apple.product-type.application";
		};
		8299894A279FCBF800D78106 /* MVVMGenericDemoTests */ = {
			isa = PBXNativeTarget;
			buildConfigurationList = 82998962279FCBF800D78106 /* Build configuration list for PBXNativeTarget "MVVMGenericDemoTests" */;
			buildPhases = (
				82998947279FCBF800D78106 /* Sources */,
				82998948279FCBF800D78106 /* Frameworks */,
				82998949279FCBF800D78106 /* Resources */,
			);
			buildRules = (
			);
			dependencies = (
				8299894D279FCBF800D78106 /* PBXTargetDependency */,
			);
			name = MVVMGenericDemoTests;
			productName = MVVMGenericDemoTests;
			productReference = 8299894B279FCBF800D78106 /* MVVMGenericDemoTests.xctest */;
			productType = "com.apple.product-type.bundle.unit-test";
		};
/* End PBXNativeTarget section */

/* Begin PBXProject section */
		8299892D279FCBED00D78106 /* Project object */ = {
			isa = PBXProject;
			attributes = {
				BuildIndependentTargetsInParallel = 1;
				LastSwiftUpdateCheck = 1300;
				LastUpgradeCheck = 1300;
				TargetAttributes = {
					82998934279FCBEE00D78106 = {
						CreatedOnToolsVersion = 13.0;
					};
					8299894A279FCBF800D78106 = {
						CreatedOnToolsVersion = 13.0;
						TestTargetID = 82998934279FCBEE00D78106;
					};
				};
			};
			buildConfigurationList = 82998930279FCBED00D78106 /* Build configuration list for PBXProject "MVVMGenericDemo" */;
			compatibilityVersion = "Xcode 13.0";
			developmentRegion = en;
			hasScannedForEncodings = 0;
			knownRegions = (
				en,
				Base,
			);
			mainGroup = 8299892C279FCBED00D78106;
			productRefGroup = 82998936279FCBEE00D78106 /* Products */;
			projectDirPath = "";
			projectRoot = "";
			targets = (
				82998934279FCBEE00D78106 /* MVVMGenericDemo */,
				8299894A279FCBF800D78106 /* MVVMGenericDemoTests */,
			);
		};
/* End PBXProject section */

/* Begin PBXResourcesBuildPhase section */
		82998933279FCBEE00D78106 /* Resources */ = {
			isa = PBXResourcesBuildPhase;
			buildActionMask = 2147483647;
			files = (
				82998991279FD3B200D78106 /* Users.json in Resources */,
				829989A6279FD6E000D78106 /* LaunchScreen.storyboard in Resources */,
				82998993279FD3B200D78106 /* ErrorUsers.json in Resources */,
				82998995279FD3B200D78106 /* Posts.json in Resources */,
				82998942279FCBF700D78106 /* Assets.xcassets in Resources */,
				829989A8279FD6E000D78106 /* Main.storyboard in Resources */,
			);
			runOnlyForDeploymentPostprocessing = 0;
		};
		82998949279FCBF800D78106 /* Resources */ = {
			isa = PBXResourcesBuildPhase;
			buildActionMask = 2147483647;
			files = (
				829989AA279FD87A00D78106 /* Main.storyboard in Resources */,
				829989AC279FD87F00D78106 /* LaunchScreen.storyboard in Resources */,
				82998992279FD3B200D78106 /* Users.json in Resources */,
				82998971279FD1F500D78106 /* Assets.xcassets in Resources */,
				82998994279FD3B200D78106 /* ErrorUsers.json in Resources */,
				82998996279FD3B200D78106 /* Posts.json in Resources */,
			);
			runOnlyForDeploymentPostprocessing = 0;
		};
/* End PBXResourcesBuildPhase section */

/* Begin PBXSourcesBuildPhase section */
		82998931279FCBEE00D78106 /* Sources */ = {
			isa = PBXSourcesBuildPhase;
			buildActionMask = 2147483647;
			files = (
				82998999279FD3B300D78106 /* NetworkManager.swift in Sources */,
				82998997279FD3B200D78106 /* Constants.swift in Sources */,
				8299893D279FCBEE00D78106 /* ViewController.swift in Sources */,
				8299896E279FD1F500D78106 /* UserViewModel.swift in Sources */,
				8299899D279FD3B300D78106 /* User.swift in Sources */,
				82998939279FCBEE00D78106 /* AppDelegate.swift in Sources */,
				8299893B279FCBEE00D78106 /* SceneDelegate.swift in Sources */,
				8299899F279FD3B300D78106 /* Posts.swift in Sources */,
				8299899B279FD3B300D78106 /* LocalManager.swift in Sources */,
			);
			runOnlyForDeploymentPostprocessing = 0;
		};
		82998947279FCBF800D78106 /* Sources */ = {
			isa = PBXSourcesBuildPhase;
			buildActionMask = 2147483647;
			files = (
				82998950279FCBF800D78106 /* MVVMGenericDemoTests.swift in Sources */,
				8299897F279FD23A00D78106 /* NetworkTests.swift in Sources */,
				8299899A279FD3B300D78106 /* NetworkManager.swift in Sources */,
				8299896F279FD1F500D78106 /* UserViewModel.swift in Sources */,
				82998998279FD3B200D78106 /* Constants.swift in Sources */,
				8299899C279FD3B300D78106 /* LocalManager.swift in Sources */,
				8299899E279FD3B300D78106 /* User.swift in Sources */,
				829989A0279FD3B300D78106 /* Posts.swift in Sources */,
			);
			runOnlyForDeploymentPostprocessing = 0;
		};
/* End PBXSourcesBuildPhase section */

/* Begin PBXTargetDependency section */
		8299894D279FCBF800D78106 /* PBXTargetDependency */ = {
			isa = PBXTargetDependency;
			target = 82998934279FCBEE00D78106 /* MVVMGenericDemo */;
			targetProxy = 8299894C279FCBF800D78106 /* PBXContainerItemProxy */;
		};
/* End PBXTargetDependency section */

/* Begin PBXVariantGroup section */
		8299893E279FCBEE00D78106 /* Main.storyboard */ = {
			isa = PBXVariantGroup;
			children = (
				8299893F279FCBEE00D78106 /* Base */,
			);
			name = Main.storyboard;
			sourceTree = "<group>";
		};
		82998943279FCBF700D78106 /* LaunchScreen.storyboard */ = {
			isa = PBXVariantGroup;
			children = (
				82998944279FCBF700D78106 /* Base */,
			);
			name = LaunchScreen.storyboard;
			sourceTree = "<group>";
		};
		829989A2279FD6E000D78106 /* LaunchScreen.storyboard */ = {
			isa = PBXVariantGroup;
			children = (
				829989A3279FD6E000D78106 /* Base */,
			);
			name = LaunchScreen.storyboard;
			sourceTree = "<group>";
		};
		829989A4279FD6E000D78106 /* Main.storyboard */ = {
			isa = PBXVariantGroup;
			children = (
				829989A5279FD6E000D78106 /* Base */,
			);
			name = Main.storyboard;
			sourceTree = "<group>";
		};
/* End PBXVariantGroup section */

/* Begin XCBuildConfiguration section */
		8299895D279FCBF800D78106 /* Debug */ = {
			isa = XCBuildConfiguration;
			buildSettings = {
				ALWAYS_SEARCH_USER_PATHS = NO;
				CLANG_ANALYZER_NONNULL = YES;
				CLANG_ANALYZER_NUMBER_OBJECT_CONVERSION = YES_AGGRESSIVE;
				CLANG_CXX_LANGUAGE_STANDARD = "gnu++17";
				CLANG_CXX_LIBRARY = "libc++";
				CLANG_ENABLE_MODULES = YES;
				CLANG_ENABLE_OBJC_ARC = YES;
				CLANG_ENABLE_OBJC_WEAK = YES;
				CLANG_WARN_BLOCK_CAPTURE_AUTORELEASING = YES;
				CLANG_WARN_BOOL_CONVERSION = YES;
				CLANG_WARN_COMMA = YES;
				CLANG_WARN_CONSTANT_CONVERSION = YES;
				CLANG_WARN_DEPRECATED_OBJC_IMPLEMENTATIONS = YES;
				CLANG_WARN_DIRECT_OBJC_ISA_USAGE = YES_ERROR;
				CLANG_WARN_DOCUMENTATION_COMMENTS = YES;
				CLANG_WARN_EMPTY_BODY = YES;
				CLANG_WARN_ENUM_CONVERSION = YES;
				CLANG_WARN_INFINITE_RECURSION = YES;
				CLANG_WARN_INT_CONVERSION = YES;
				CLANG_WARN_NON_LITERAL_NULL_CONVERSION = YES;
				CLANG_WARN_OBJC_IMPLICIT_RETAIN_SELF = YES;
				CLANG_WARN_OBJC_LITERAL_CONVERSION = YES;
				CLANG_WARN_OBJC_ROOT_CLASS = YES_ERROR;
				CLANG_WARN_QUOTED_INCLUDE_IN_FRAMEWORK_HEADER = YES;
				CLANG_WARN_RANGE_LOOP_ANALYSIS = YES;
				CLANG_WARN_STRICT_PROTOTYPES = YES;
				CLANG_WARN_SUSPICIOUS_MOVE = YES;
				CLANG_WARN_UNGUARDED_AVAILABILITY = YES_AGGRESSIVE;
				CLANG_WARN_UNREACHABLE_CODE = YES;
				CLANG_WARN__DUPLICATE_METHOD_MATCH = YES;
				COPY_PHASE_STRIP = NO;
				DEBUG_INFORMATION_FORMAT = dwarf;
				ENABLE_STRICT_OBJC_MSGSEND = YES;
				ENABLE_TESTABILITY = YES;
				GCC_C_LANGUAGE_STANDARD = gnu11;
				GCC_DYNAMIC_NO_PIC = NO;
				GCC_NO_COMMON_BLOCKS = YES;
				GCC_OPTIMIZATION_LEVEL = 0;
				GCC_PREPROCESSOR_DEFINITIONS = (
					"DEBUG=1",
					"$(inherited)",
				);
				GCC_WARN_64_TO_32_BIT_CONVERSION = YES;
				GCC_WARN_ABOUT_RETURN_TYPE = YES_ERROR;
				GCC_WARN_UNDECLARED_SELECTOR = YES;
				GCC_WARN_UNINITIALIZED_AUTOS = YES_AGGRESSIVE;
				GCC_WARN_UNUSED_FUNCTION = YES;
				GCC_WARN_UNUSED_VARIABLE = YES;
				IPHONEOS_DEPLOYMENT_TARGET = 15.0;
				MTL_ENABLE_DEBUG_INFO = INCLUDE_SOURCE;
				MTL_FAST_MATH = YES;
				ONLY_ACTIVE_ARCH = YES;
				SDKROOT = iphoneos;
				SWIFT_ACTIVE_COMPILATION_CONDITIONS = DEBUG;
				SWIFT_OPTIMIZATION_LEVEL = "-Onone";
			};
			name = Debug;
		};
		8299895E279FCBF800D78106 /* Release */ = {
			isa = XCBuildConfiguration;
			buildSettings = {
				ALWAYS_SEARCH_USER_PATHS = NO;
				CLANG_ANALYZER_NONNULL = YES;
				CLANG_ANALYZER_NUMBER_OBJECT_CONVERSION = YES_AGGRESSIVE;
				CLANG_CXX_LANGUAGE_STANDARD = "gnu++17";
				CLANG_CXX_LIBRARY = "libc++";
				CLANG_ENABLE_MODULES = YES;
				CLANG_ENABLE_OBJC_ARC = YES;
				CLANG_ENABLE_OBJC_WEAK = YES;
				CLANG_WARN_BLOCK_CAPTURE_AUTORELEASING = YES;
				CLANG_WARN_BOOL_CONVERSION = YES;
				CLANG_WARN_COMMA = YES;
				CLANG_WARN_CONSTANT_CONVERSION = YES;
				CLANG_WARN_DEPRECATED_OBJC_IMPLEMENTATIONS = YES;
				CLANG_WARN_DIRECT_OBJC_ISA_USAGE = YES_ERROR;
				CLANG_WARN_DOCUMENTATION_COMMENTS = YES;
				CLANG_WARN_EMPTY_BODY = YES;
				CLANG_WARN_ENUM_CONVERSION = YES;
				CLANG_WARN_INFINITE_RECURSION = YES;
				CLANG_WARN_INT_CONVERSION = YES;
				CLANG_WARN_NON_LITERAL_NULL_CONVERSION = YES;
				CLANG_WARN_OBJC_IMPLICIT_RETAIN_SELF = YES;
				CLANG_WARN_OBJC_LITERAL_CONVERSION = YES;
				CLANG_WARN_OBJC_ROOT_CLASS = YES_ERROR;
				CLANG_WARN_QUOTED_INCLUDE_IN_FRAMEWORK_HEADER = YES;
				CLANG_WARN_RANGE_LOOP_ANALYSIS = YES;
				CLANG_WARN_STRICT_PROTOTYPES = YES;
				CLANG_WARN_SUSPICIOUS_MOVE = YES;
				CLANG_WARN_UNGUARDED_AVAILABILITY = YES_AGGRESSIVE;
				CLANG_WARN_UNREACHABLE_CODE = YES;
				CLANG_WARN__DUPLICATE_METHOD_MATCH = YES;
				COPY_PHASE_STRIP = NO;
				DEBUG_INFORMATION_FORMAT = "dwarf-with-dsym";
				ENABLE_NS_ASSERTIONS = NO;
				ENABLE_STRICT_OBJC_MSGSEND = YES;
				GCC_C_LANGUAGE_STANDARD = gnu11;
				GCC_NO_COMMON_BLOCKS = YES;
				GCC_WARN_64_TO_32_BIT_CONVERSION = YES;
				GCC_WARN_ABOUT_RETURN_TYPE = YES_ERROR;
				GCC_WARN_UNDECLARED_SELECTOR = YES;
				GCC_WARN_UNINITIALIZED_AUTOS = YES_AGGRESSIVE;
				GCC_WARN_UNUSED_FUNCTION = YES;
				GCC_WARN_UNUSED_VARIABLE = YES;
				IPHONEOS_DEPLOYMENT_TARGET = 15.0;
				MTL_ENABLE_DEBUG_INFO = NO;
				MTL_FAST_MATH = YES;
				SDKROOT = iphoneos;
				SWIFT_COMPILATION_MODE = wholemodule;
				SWIFT_OPTIMIZATION_LEVEL = "-O";
				VALIDATE_PRODUCT = YES;
			};
			name = Release;
		};
		82998960279FCBF800D78106 /* Debug */ = {
			isa = XCBuildConfiguration;
			buildSettings = {
				ASSETCATALOG_COMPILER_APPICON_NAME = AppIcon;
				ASSETCATALOG_COMPILER_GLOBAL_ACCENT_COLOR_NAME = AccentColor;
				CODE_SIGN_STYLE = Automatic;
				CURRENT_PROJECT_VERSION = 1;
				GENERATE_INFOPLIST_FILE = YES;
				INFOPLIST_FILE = MVVMGenericDemo/Info.plist;
				INFOPLIST_KEY_UIApplicationSupportsIndirectInputEvents = YES;
				INFOPLIST_KEY_UILaunchStoryboardName = LaunchScreen;
				INFOPLIST_KEY_UIMainStoryboardFile = Main;
				INFOPLIST_KEY_UISupportedInterfaceOrientations_iPad = "UIInterfaceOrientationPortrait UIInterfaceOrientationPortraitUpsideDown UIInterfaceOrientationLandscapeLeft UIInterfaceOrientationLandscapeRight";
				INFOPLIST_KEY_UISupportedInterfaceOrientations_iPhone = "UIInterfaceOrientationPortrait UIInterfaceOrientationLandscapeLeft UIInterfaceOrientationLandscapeRight";
				LD_RUNPATH_SEARCH_PATHS = (
					"$(inherited)",
					"@executable_path/Frameworks",
				);
				MARKETING_VERSION = 1.0;
				PRODUCT_BUNDLE_IDENTIFIER = com.helloworld.MVVMGenericDemo;
				PRODUCT_NAME = "$(TARGET_NAME)";
				SWIFT_EMIT_LOC_STRINGS = YES;
				SWIFT_VERSION = 5.0;
				TARGETED_DEVICE_FAMILY = "1,2";
			};
			name = Debug;
		};
		82998961279FCBF800D78106 /* Release */ = {
			isa = XCBuildConfiguration;
			buildSettings = {
				ASSETCATALOG_COMPILER_APPICON_NAME = AppIcon;
				ASSETCATALOG_COMPILER_GLOBAL_ACCENT_COLOR_NAME = AccentColor;
				CODE_SIGN_STYLE = Automatic;
				CURRENT_PROJECT_VERSION = 1;
				GENERATE_INFOPLIST_FILE = YES;
				INFOPLIST_FILE = MVVMGenericDemo/Info.plist;
				INFOPLIST_KEY_UIApplicationSupportsIndirectInputEvents = YES;
				INFOPLIST_KEY_UILaunchStoryboardName = LaunchScreen;
				INFOPLIST_KEY_UIMainStoryboardFile = Main;
				INFOPLIST_KEY_UISupportedInterfaceOrientations_iPad = "UIInterfaceOrientationPortrait UIInterfaceOrientationPortraitUpsideDown UIInterfaceOrientationLandscapeLeft UIInterfaceOrientationLandscapeRight";
				INFOPLIST_KEY_UISupportedInterfaceOrientations_iPhone = "UIInterfaceOrientationPortrait UIInterfaceOrientationLandscapeLeft UIInterfaceOrientationLandscapeRight";
				LD_RUNPATH_SEARCH_PATHS = (
					"$(inherited)",
					"@executable_path/Frameworks",
				);
				MARKETING_VERSION = 1.0;
				PRODUCT_BUNDLE_IDENTIFIER = com.helloworld.MVVMGenericDemo;
				PRODUCT_NAME = "$(TARGET_NAME)";
				SWIFT_EMIT_LOC_STRINGS = YES;
				SWIFT_VERSION = 5.0;
				TARGETED_DEVICE_FAMILY = "1,2";
			};
			name = Release;
		};
		82998963279FCBF800D78106 /* Debug */ = {
			isa = XCBuildConfiguration;
			buildSettings = {
				ALWAYS_EMBED_SWIFT_STANDARD_LIBRARIES = YES;
				BUNDLE_LOADER = "$(TEST_HOST)";
				CODE_SIGN_STYLE = Automatic;
				CURRENT_PROJECT_VERSION = 1;
				GENERATE_INFOPLIST_FILE = YES;
				IPHONEOS_DEPLOYMENT_TARGET = 15.0;
				LD_RUNPATH_SEARCH_PATHS = (
					"$(inherited)",
					"@executable_path/Frameworks",
					"@loader_path/Frameworks",
				);
				MARKETING_VERSION = 1.0;
				PRODUCT_BUNDLE_IDENTIFIER = com.helloworld.MVVMGenericDemoTests;
				PRODUCT_NAME = "$(TARGET_NAME)";
				SWIFT_EMIT_LOC_STRINGS = NO;
				SWIFT_VERSION = 5.0;
				TARGETED_DEVICE_FAMILY = "1,2";
				TEST_HOST = "$(BUILT_PRODUCTS_DIR)/MVVMGenericDemo.app/MVVMGenericDemo";
			};
			name = Debug;
		};
		82998964279FCBF800D78106 /* Release */ = {
			isa = XCBuildConfiguration;
			buildSettings = {
				ALWAYS_EMBED_SWIFT_STANDARD_LIBRARIES = YES;
				BUNDLE_LOADER = "$(TEST_HOST)";
				CODE_SIGN_STYLE = Automatic;
				CURRENT_PROJECT_VERSION = 1;
				GENERATE_INFOPLIST_FILE = YES;
				IPHONEOS_DEPLOYMENT_TARGET = 15.0;
				LD_RUNPATH_SEARCH_PATHS = (
					"$(inherited)",
					"@executable_path/Frameworks",
					"@loader_path/Frameworks",
				);
				MARKETING_VERSION = 1.0;
				PRODUCT_BUNDLE_IDENTIFIER = com.helloworld.MVVMGenericDemoTests;
				PRODUCT_NAME = "$(TARGET_NAME)";
				SWIFT_EMIT_LOC_STRINGS = NO;
				SWIFT_VERSION = 5.0;
				TARGETED_DEVICE_FAMILY = "1,2";
				TEST_HOST = "$(BUILT_PRODUCTS_DIR)/MVVMGenericDemo.app/MVVMGenericDemo";
			};
			name = Release;
		};
/* End XCBuildConfiguration section */

/* Begin XCConfigurationList section */
		82998930279FCBED00D78106 /* Build configuration list for PBXProject "MVVMGenericDemo" */ = {
			isa = XCConfigurationList;
			buildConfigurations = (
				8299895D279FCBF800D78106 /* Debug */,
				8299895E279FCBF800D78106 /* Release */,
			);
			defaultConfigurationIsVisible = 0;
			defaultConfigurationName = Release;
		};
		8299895F279FCBF800D78106 /* Build configuration list for PBXNativeTarget "MVVMGenericDemo" */ = {
			isa = XCConfigurationList;
			buildConfigurations = (
				82998960279FCBF800D78106 /* Debug */,
				82998961279FCBF800D78106 /* Release */,
			);
			defaultConfigurationIsVisible = 0;
			defaultConfigurationName = Release;
		};
		82998962279FCBF800D78106 /* Build configuration list for PBXNativeTarget "MVVMGenericDemoTests" */ = {
			isa = XCConfigurationList;
			buildConfigurations = (
				82998963279FCBF800D78106 /* Debug */,
				82998964279FCBF800D78106 /* Release */,
			);
			defaultConfigurationIsVisible = 0;
			defaultConfigurationName = Release;
		};
/* End XCConfigurationList section */
	};
	rootObject = 8299892D279FCBED00D78106 /* Project object */;
}
